
Microsoft Visual Studio Solution File, Format Version 12.00
# Visual Studio 15
VisualStudioVersion = 15.0.27428.2002
MinimumVisualStudioVersion = 10.0.40219.1
Project("{FAE04EC0-301F-11D3-BF4B-00C04F79EFBC}") = "Surprise", "Surprise\Surprise.csproj", "{A5D58B4A-1914-4317-8BBF-BAA43D36989D}"
EndProject
Project("{FAE04EC0-301F-11D3-BF4B-00C04F79EFBC}") = "Surprise.DataBase", "Surprise.DataBase\Surprise.DataBase.csproj", "{ABEC26B7-7267-44E7-8809-D04993FCC6B7}"
EndProject
Global
	GlobalSection(SolutionConfigurationPlatforms) = preSolution
		Debug|Any CPU = Debug|Any CPU
		Debug|ARM = Debug|ARM
		Debug|x64 = Debug|x64
		Debug|x86 = Debug|x86
		Release|Any CPU = Release|Any CPU
		Release|ARM = Release|ARM
		Release|x64 = Release|x64
		Release|x86 = Release|x86
	EndGlobalSection
	GlobalSection(ProjectConfigurationPlatforms) = postSolution
		{A5D58B4A-1914-4317-8BBF-BAA43D36989D}.Debug|Any CPU.ActiveCfg = Debug|x86
		{A5D58B4A-1914-4317-8BBF-BAA43D36989D}.Debug|ARM.ActiveCfg = Debug|ARM
		{A5D58B4A-1914-4317-8BBF-BAA43D36989D}.Debug|ARM.Build.0 = Debug|ARM
		{A5D58B4A-1914-4317-8BBF-BAA43D36989D}.Debug|ARM.Deploy.0 = Debug|ARM
		{A5D58B4A-1914-4317-8BBF-BAA43D36989D}.Debug|x64.ActiveCfg = Debug|x64
		{A5D58B4A-1914-4317-8BBF-BAA43D36989D}.Debug|x64.Build.0 = Debug|x64
		{A5D58B4A-1914-4317-8BBF-BAA43D36989D}.Debug|x64.Deploy.0 = Debug|x64
		{A5D58B4A-1914-4317-8BBF-BAA43D36989D}.Debug|x86.ActiveCfg = Debug|x86
		{A5D58B4A-1914-4317-8BBF-BAA43D36989D}.Debug|x86.Build.0 = Debug|x86
		{A5D58B4A-1914-4317-8BBF-BAA43D36989D}.Debug|x86.Deploy.0 = Debug|x86
		{A5D58B4A-1914-4317-8BBF-BAA43D36989D}.Release|Any CPU.ActiveCfg = Release|x86
		{A5D58B4A-1914-4317-8BBF-BAA43D36989D}.Release|ARM.ActiveCfg = Release|ARM
		{A5D58B4A-1914-4317-8BBF-BAA43D36989D}.Release|ARM.Build.0 = Release|ARM
		{A5D58B4A-1914-4317-8BBF-BAA43D36989D}.Release|ARM.Deploy.0 = Release|ARM
		{A5D58B4A-1914-4317-8BBF-BAA43D36989D}.Release|x64.ActiveCfg = Release|x64
		{A5D58B4A-1914-4317-8BBF-BAA43D36989D}.Release|x64.Build.0 = Release|x64
		{A5D58B4A-1914-4317-8BBF-BAA43D36989D}.Release|x64.Deploy.0 = Release|x64
		{A5D58B4A-1914-4317-8BBF-BAA43D36989D}.Release|x86.ActiveCfg = Release|x86
		{A5D58B4A-1914-4317-8BBF-BAA43D36989D}.Release|x86.Build.0 = Release|x86
		{A5D58B4A-1914-4317-8BBF-BAA43D36989D}.Release|x86.Deploy.0 = Release|x86
		{ABEC26B7-7267-44E7-8809-D04993FCC6B7}.Debug|Any CPU.ActiveCfg = Debug|Any CPU
		{ABEC26B7-7267-44E7-8809-D04993FCC6B7}.Debug|Any CPU.Build.0 = Debug|Any CPU
		{ABEC26B7-7267-44E7-8809-D04993FCC6B7}.Debug|ARM.ActiveCfg = Debug|Any CPU
		{ABEC26B7-7267-44E7-8809-D04993FCC6B7}.Debug|ARM.Build.0 = Debug|Any CPU
		{ABEC26B7-7267-44E7-8809-D04993FCC6B7}.Debug|x64.ActiveCfg = Debug|Any CPU
		{ABEC26B7-7267-44E7-8809-D04993FCC6B7}.Debug|x64.Build.0 = Debug|Any CPU
		{ABEC26B7-7267-44E7-8809-D04993FCC6B7}.Debug|x86.ActiveCfg = Debug|Any CPU
		{ABEC26B7-7267-44E7-8809-D04993FCC6B7}.Debug|x86.Build.0 = Debug|Any CPU
		{ABEC26B7-7267-44E7-8809-D04993FCC6B7}.Release|Any CPU.ActiveCfg = Release|Any CPU
		{ABEC26B7-7267-44E7-8809-D04993FCC6B7}.Release|Any CPU.Build.0 = Release|Any CPU
		{ABEC26B7-7267-44E7-8809-D04993FCC6B7}.Release|ARM.ActiveCfg = Release|Any CPU
		{ABEC26B7-7267-44E7-8809-D04993FCC6B7}.Release|ARM.Build.0 = Release|Any CPU
		{ABEC26B7-7267-44E7-8809-D04993FCC6B7}.Release|x64.ActiveCfg = Release|Any CPU
		{ABEC26B7-7267-44E7-8809-D04993FCC6B7}.Release|x64.Build.0 = Release|Any CPU
		{ABEC26B7-7267-44E7-8809-D04993FCC6B7}.Release|x86.ActiveCfg = Release|Any CPU
		{ABEC26B7-7267-44E7-8809-D04993FCC6B7}.Release|x86.Build.0 = Release|Any CPU
	EndGlobalSection
	GlobalSection(SolutionProperties) = preSolution
		HideSolutionNode = FALSE
	EndGlobalSection
	GlobalSection(ExtensibilityGlobals) = postSolution
		SolutionGuid = {6F68B583-32E9-4522-8BB8-2A6E1E54E390}
	EndGlobalSection
EndGlobal
